
Microsoft Visual Studio Solution File, Format Version 12.00
# Visual Studio 2013
VisualStudioVersion = 12.0.21005.1
MinimumVisualStudioVersion = 10.0.40219.1
Project("{FAE04EC0-301F-11D3-BF4B-00C04F79EFBC}") = "CefSharpToAnyCPU", "CefSharpToAnyCPU\CefSharpToAnyCPU.csproj", "{3DE29668-DFF0-4BFF-ABA7-D98A71C08399}"
EndProject
Project("{FAE04EC0-301F-11D3-BF4B-00C04F79EFBC}") = "Winform.CefBrowser", "Winform.CefBrowser\Winform.CefBrowser.csproj", "{00B19ED5-5C43-41B6-8863-68C4090E0A83}"
EndProject
Global
	GlobalSection(SolutionConfigurationPlatforms) = preSolution
		Debug|Any CPU = Debug|Any CPU
		Release|Any CPU = Release|Any CPU
	EndGlobalSection
	GlobalSection(ProjectConfigurationPlatforms) = postSolution
		{3DE29668-DFF0-4BFF-ABA7-D98A71C08399}.Debug|Any CPU.ActiveCfg = Debug|Any CPU
		{3DE29668-DFF0-4BFF-ABA7-D98A71C08399}.Debug|Any CPU.Build.0 = Debug|Any CPU
		{3DE29668-DFF0-4BFF-ABA7-D98A71C08399}.Release|Any CPU.ActiveCfg = Release|Any CPU
		{3DE29668-DFF0-4BFF-ABA7-D98A71C08399}.Release|Any CPU.Build.0 = Release|Any CPU
		{00B19ED5-5C43-41B6-8863-68C4090E0A83}.Debug|Any CPU.ActiveCfg = Debug|x86
		{00B19ED5-5C43-41B6-8863-68C4090E0A83}.Debug|Any CPU.Build.0 = Debug|x86
		{00B19ED5-5C43-41B6-8863-68C4090E0A83}.Release|Any CPU.ActiveCfg = Release|x86
		{00B19ED5-5C43-41B6-8863-68C4090E0A83}.Release|Any CPU.Build.0 = Release|x86
	EndGlobalSection
	GlobalSection(SolutionProperties) = preSolution
		HideSolutionNode = FALSE
	EndGlobalSection
EndGlobal
